
Microsoft Visual Studio Solution File, Format Version 12.00
# Visual Studio Version 16
VisualStudioVersion = 16.0.30711.63
MinimumVisualStudioVersion = 10.0.40219.1
Project("{FAE04EC0-301F-11D3-BF4B-00C04F79EFBC}") = "WpfApp1", "WpfApp1\WpfApp1.csproj", "{207F5C04-1D40-4765-AA9E-BE1785DEE78B}"
EndProject
Global
	GlobalSection(SolutionConfigurationPlatforms) = preSolution
		Debug|Any CPU = Debug|Any CPU
		Release|Any CPU = Release|Any CPU
	EndGlobalSection
	GlobalSection(ProjectConfigurationPlatforms) = postSolution
		{207F5C04-1D40-4765-AA9E-BE1785DEE78B}.Debug|Any CPU.ActiveCfg = Debug|Any CPU
		{207F5C04-1D40-4765-AA9E-BE1785DEE78B}.Debug|Any CPU.Build.0 = Debug|Any CPU
		{207F5C04-1D40-4765-AA9E-BE1785DEE78B}.Release|Any CPU.ActiveCfg = Release|Any CPU
		{207F5C04-1D40-4765-AA9E-BE1785DEE78B}.Release|Any CPU.Build.0 = Release|Any CPU
	EndGlobalSection
	GlobalSection(SolutionProperties) = preSolution
		HideSolutionNode = FALSE
	EndGlobalSection
	GlobalSection(ExtensibilityGlobals) = postSolution
		SolutionGuid = {CC8C6F87-4414-4CF6-A0B7-748EA6BE366E}
	EndGlobalSection
EndGlobal
