
Microsoft Visual Studio Solution File, Format Version 12.00
# Visual Studio Version 16
VisualStudioVersion = 16.0.30804.86
MinimumVisualStudioVersion = 10.0.40219.1
Project("{FAE04EC0-301F-11D3-BF4B-00C04F79EFBC}") = "Uygulama11-2", "Uygulama11-2\Uygulama11-2.csproj", "{D232AC7E-6E2F-4543-B32D-EC316CDFEA2A}"
EndProject
Global
	GlobalSection(SolutionConfigurationPlatforms) = preSolution
		Debug|Any CPU = Debug|Any CPU
		Release|Any CPU = Release|Any CPU
	EndGlobalSection
	GlobalSection(ProjectConfigurationPlatforms) = postSolution
		{D232AC7E-6E2F-4543-B32D-EC316CDFEA2A}.Debug|Any CPU.ActiveCfg = Debug|Any CPU
		{D232AC7E-6E2F-4543-B32D-EC316CDFEA2A}.Debug|Any CPU.Build.0 = Debug|Any CPU
		{D232AC7E-6E2F-4543-B32D-EC316CDFEA2A}.Release|Any CPU.ActiveCfg = Release|Any CPU
		{D232AC7E-6E2F-4543-B32D-EC316CDFEA2A}.Release|Any CPU.Build.0 = Release|Any CPU
	EndGlobalSection
	GlobalSection(SolutionProperties) = preSolution
		HideSolutionNode = FALSE
	EndGlobalSection
	GlobalSection(ExtensibilityGlobals) = postSolution
		SolutionGuid = {49BAB554-726D-4BF4-BAA0-092F9933B290}
	EndGlobalSection
EndGlobal
