
Microsoft Visual Studio Solution File, Format Version 12.00
# Visual Studio Version 16
VisualStudioVersion = 16.0.30611.23
MinimumVisualStudioVersion = 10.0.40219.1
Project("{FAE04EC0-301F-11D3-BF4B-00C04F79EFBC}") = "Uygulama4", "Uygulama4\Uygulama4.csproj", "{F080D827-1FA3-4905-AAF2-A83DF03DC212}"
EndProject
Global
	GlobalSection(SolutionConfigurationPlatforms) = preSolution
		Debug|Any CPU = Debug|Any CPU
		Release|Any CPU = Release|Any CPU
	EndGlobalSection
	GlobalSection(ProjectConfigurationPlatforms) = postSolution
		{F080D827-1FA3-4905-AAF2-A83DF03DC212}.Debug|Any CPU.ActiveCfg = Debug|Any CPU
		{F080D827-1FA3-4905-AAF2-A83DF03DC212}.Debug|Any CPU.Build.0 = Debug|Any CPU
		{F080D827-1FA3-4905-AAF2-A83DF03DC212}.Release|Any CPU.ActiveCfg = Release|Any CPU
		{F080D827-1FA3-4905-AAF2-A83DF03DC212}.Release|Any CPU.Build.0 = Release|Any CPU
	EndGlobalSection
	GlobalSection(SolutionProperties) = preSolution
		HideSolutionNode = FALSE
	EndGlobalSection
	GlobalSection(ExtensibilityGlobals) = postSolution
		SolutionGuid = {519613AF-F76C-4D02-AB5F-05F59DFFF653}
	EndGlobalSection
EndGlobal
