
Microsoft Visual Studio Solution File, Format Version 12.00
# Visual Studio Version 16
VisualStudioVersion = 16.0.30804.86
MinimumVisualStudioVersion = 10.0.40219.1
Project("{FAE04EC0-301F-11D3-BF4B-00C04F79EFBC}") = "Veritabani", "Veritabani\Veritabani.csproj", "{282357B5-786B-46EF-B1D0-5B2C9C89FDAB}"
EndProject
Global
	GlobalSection(SolutionConfigurationPlatforms) = preSolution
		Debug|Any CPU = Debug|Any CPU
		Release|Any CPU = Release|Any CPU
	EndGlobalSection
	GlobalSection(ProjectConfigurationPlatforms) = postSolution
		{282357B5-786B-46EF-B1D0-5B2C9C89FDAB}.Debug|Any CPU.ActiveCfg = Debug|Any CPU
		{282357B5-786B-46EF-B1D0-5B2C9C89FDAB}.Debug|Any CPU.Build.0 = Debug|Any CPU
		{282357B5-786B-46EF-B1D0-5B2C9C89FDAB}.Release|Any CPU.ActiveCfg = Release|Any CPU
		{282357B5-786B-46EF-B1D0-5B2C9C89FDAB}.Release|Any CPU.Build.0 = Release|Any CPU
	EndGlobalSection
	GlobalSection(SolutionProperties) = preSolution
		HideSolutionNode = FALSE
	EndGlobalSection
	GlobalSection(ExtensibilityGlobals) = postSolution
		SolutionGuid = {89954E40-0832-48EF-89DD-67B756972CF5}
	EndGlobalSection
EndGlobal
