
Microsoft Visual Studio Solution File, Format Version 12.00
# Visual Studio Version 16
VisualStudioVersion = 16.0.30804.86
MinimumVisualStudioVersion = 10.0.40219.1
Project("{FAE04EC0-301F-11D3-BF4B-00C04F79EFBC}") = "Uygulama7", "Uygulama7\Uygulama7.csproj", "{0089DA21-EEF7-4E2B-A341-C4877229A610}"
EndProject
Global
	GlobalSection(SolutionConfigurationPlatforms) = preSolution
		Debug|Any CPU = Debug|Any CPU
		Release|Any CPU = Release|Any CPU
	EndGlobalSection
	GlobalSection(ProjectConfigurationPlatforms) = postSolution
		{0089DA21-EEF7-4E2B-A341-C4877229A610}.Debug|Any CPU.ActiveCfg = Debug|Any CPU
		{0089DA21-EEF7-4E2B-A341-C4877229A610}.Debug|Any CPU.Build.0 = Debug|Any CPU
		{0089DA21-EEF7-4E2B-A341-C4877229A610}.Release|Any CPU.ActiveCfg = Release|Any CPU
		{0089DA21-EEF7-4E2B-A341-C4877229A610}.Release|Any CPU.Build.0 = Release|Any CPU
	EndGlobalSection
	GlobalSection(SolutionProperties) = preSolution
		HideSolutionNode = FALSE
	EndGlobalSection
	GlobalSection(ExtensibilityGlobals) = postSolution
		SolutionGuid = {6AB501A6-CA0E-4EB3-92A8-61208601B659}
	EndGlobalSection
EndGlobal
