
Microsoft Visual Studio Solution File, Format Version 12.00
# Visual Studio Version 16
VisualStudioVersion = 16.0.30804.86
MinimumVisualStudioVersion = 10.0.40219.1
Project("{FAE04EC0-301F-11D3-BF4B-00C04F79EFBC}") = "Dosyalama", "Dosyalama\Dosyalama.csproj", "{D9C6E44A-AB3F-4C31-814D-31E27912D4A8}"
EndProject
Global
	GlobalSection(SolutionConfigurationPlatforms) = preSolution
		Debug|Any CPU = Debug|Any CPU
		Release|Any CPU = Release|Any CPU
	EndGlobalSection
	GlobalSection(ProjectConfigurationPlatforms) = postSolution
		{D9C6E44A-AB3F-4C31-814D-31E27912D4A8}.Debug|Any CPU.ActiveCfg = Debug|Any CPU
		{D9C6E44A-AB3F-4C31-814D-31E27912D4A8}.Debug|Any CPU.Build.0 = Debug|Any CPU
		{D9C6E44A-AB3F-4C31-814D-31E27912D4A8}.Release|Any CPU.ActiveCfg = Release|Any CPU
		{D9C6E44A-AB3F-4C31-814D-31E27912D4A8}.Release|Any CPU.Build.0 = Release|Any CPU
	EndGlobalSection
	GlobalSection(SolutionProperties) = preSolution
		HideSolutionNode = FALSE
	EndGlobalSection
	GlobalSection(ExtensibilityGlobals) = postSolution
		SolutionGuid = {22FB00B6-490C-4B81-BF26-769DC5C5199C}
	EndGlobalSection
EndGlobal
